
Microsoft Visual Studio Solution File, Format Version 12.00
# Visual Studio 15
VisualStudioVersion = 15.0.28010.2019
MinimumVisualStudioVersion = 10.0.40219.1
Project("{FAE04EC0-301F-11D3-BF4B-00C04F79EFBC}") = "OnlineGameStore", "OnlineGameStore\OnlineGameStore.csproj", "{A7E93E35-E544-41DE-80A1-71BD2AC06A21}"
EndProject
Project("{FAE04EC0-301F-11D3-BF4B-00C04F79EFBC}") = "OnlineGameStore.DAL", "OnlineGameStore.DAL\OnlineGameStore.DAL.csproj", "{D8D06921-41A0-4D9E-9011-C024AA8E3EA8}"
EndProject
Project("{FAE04EC0-301F-11D3-BF4B-00C04F79EFBC}") = "OnlineGameStore.BLL", "OnlineGameStore.BLL\OnlineGameStore.BLL.csproj", "{848D42D4-EF32-46ED-8BF9-9739F7317D96}"
EndProject
Global
	GlobalSection(SolutionConfigurationPlatforms) = preSolution
		Debug|Any CPU = Debug|Any CPU
		Release|Any CPU = Release|Any CPU
	EndGlobalSection
	GlobalSection(ProjectConfigurationPlatforms) = postSolution
		{A7E93E35-E544-41DE-80A1-71BD2AC06A21}.Debug|Any CPU.ActiveCfg = Debug|Any CPU
		{A7E93E35-E544-41DE-80A1-71BD2AC06A21}.Debug|Any CPU.Build.0 = Debug|Any CPU
		{A7E93E35-E544-41DE-80A1-71BD2AC06A21}.Release|Any CPU.ActiveCfg = Release|Any CPU
		{A7E93E35-E544-41DE-80A1-71BD2AC06A21}.Release|Any CPU.Build.0 = Release|Any CPU
		{D8D06921-41A0-4D9E-9011-C024AA8E3EA8}.Debug|Any CPU.ActiveCfg = Debug|Any CPU
		{D8D06921-41A0-4D9E-9011-C024AA8E3EA8}.Debug|Any CPU.Build.0 = Debug|Any CPU
		{D8D06921-41A0-4D9E-9011-C024AA8E3EA8}.Release|Any CPU.ActiveCfg = Release|Any CPU
		{D8D06921-41A0-4D9E-9011-C024AA8E3EA8}.Release|Any CPU.Build.0 = Release|Any CPU
		{848D42D4-EF32-46ED-8BF9-9739F7317D96}.Debug|Any CPU.ActiveCfg = Debug|Any CPU
		{848D42D4-EF32-46ED-8BF9-9739F7317D96}.Debug|Any CPU.Build.0 = Debug|Any CPU
		{848D42D4-EF32-46ED-8BF9-9739F7317D96}.Release|Any CPU.ActiveCfg = Release|Any CPU
		{848D42D4-EF32-46ED-8BF9-9739F7317D96}.Release|Any CPU.Build.0 = Release|Any CPU
	EndGlobalSection
	GlobalSection(SolutionProperties) = preSolution
		HideSolutionNode = FALSE
	EndGlobalSection
	GlobalSection(ExtensibilityGlobals) = postSolution
		SolutionGuid = {86964910-23FC-400F-9B53-DED55AD31F95}
	EndGlobalSection
EndGlobal
